
Microsoft Visual Studio Solution File, Format Version 12.00
# Visual Studio Version 16
VisualStudioVersion = 16.0.29009.5
MinimumVisualStudioVersion = 10.0.40219.1
Project("{FAE04EC0-301F-11D3-BF4B-00C04F79EFBC}") = "CompeTournament.Backend", "..\CompeTournament.Backend\CompeTournament.Backend.csproj", "{C8CBCB15-0CA4-477E-97FC-3256843E3FB5}"
EndProject
Global
	GlobalSection(SolutionConfigurationPlatforms) = preSolution
		Debug|Any CPU = Debug|Any CPU
		Release|Any CPU = Release|Any CPU
	EndGlobalSection
	GlobalSection(ProjectConfigurationPlatforms) = postSolution
		{C8CBCB15-0CA4-477E-97FC-3256843E3FB5}.Debug|Any CPU.ActiveCfg = Debug|Any CPU
		{C8CBCB15-0CA4-477E-97FC-3256843E3FB5}.Debug|Any CPU.Build.0 = Debug|Any CPU
		{C8CBCB15-0CA4-477E-97FC-3256843E3FB5}.Release|Any CPU.ActiveCfg = Release|Any CPU
		{C8CBCB15-0CA4-477E-97FC-3256843E3FB5}.Release|Any CPU.Build.0 = Release|Any CPU
	EndGlobalSection
	GlobalSection(SolutionProperties) = preSolution
		HideSolutionNode = FALSE
	EndGlobalSection
	GlobalSection(ExtensibilityGlobals) = postSolution
		SolutionGuid = {FB77735E-4150-4E0E-861A-7FACBD9B8910}
	EndGlobalSection
EndGlobal
